// !$*UTF8*$!
{
	archiveVersion = 1;
	classes = {
	};
	objectVersion = 56;
	objects = {

/* Begin PBXBuildFile section */
		982DC8752A936623006A6D1C /* Yatzee_Dice_GameApp.swift in Sources */ = {isa = PBXBuildFile; fileRef = 982DC8742A936623006A6D1C /* Yatzee_Dice_GameApp.swift */; };
		982DC8772A936623006A6D1C /* ContentView.swift in Sources */ = {isa = PBXBuildFile; fileRef = 982DC8762A936623006A6D1C /* ContentView.swift */; };
		982DC8792A936625006A6D1C /* Assets.xcassets in Resources */ = {isa = PBXBuildFile; fileRef = 982DC8782A936625006A6D1C /* Assets.xcassets */; };
		982DC87C2A936625006A6D1C /* Preview Assets.xcassets in Resources */ = {isa = PBXBuildFile; fileRef = 982DC87B2A936625006A6D1C /* Preview Assets.xcassets */; };
		982DC8862A936625006A6D1C /* Yatzee_Dice_GameTests.swift in Sources */ = {isa = PBXBuildFile; fileRef = 982DC8852A936625006A6D1C /* Yatzee_Dice_GameTests.swift */; };
		982DC8902A936625006A6D1C /* Yatzee_Dice_GameUITests.swift in Sources */ = {isa = PBXBuildFile; fileRef = 982DC88F2A936625006A6D1C /* Yatzee_Dice_GameUITests.swift */; };
		982DC8922A936625006A6D1C /* Yatzee_Dice_GameUITestsLaunchTests.swift in Sources */ = {isa = PBXBuildFile; fileRef = 982DC8912A936625006A6D1C /* Yatzee_Dice_GameUITestsLaunchTests.swift */; };
/* End PBXBuildFile section */

/* Begin PBXContainerItemProxy section */
		982DC8822A936625006A6D1C /* PBXContainerItemProxy */ = {
			isa = PBXContainerItemProxy;
			containerPortal = 982DC8692A936623006A6D1C /* Project object */;
			proxyType = 1;
			remoteGlobalIDString = 982DC8702A936623006A6D1C;
			remoteInfo = "Yatzee Dice Game";
		};
		982DC88C2A936625006A6D1C /* PBXContainerItemProxy */ = {
			isa = PBXContainerItemProxy;
			containerPortal = 982DC8692A936623006A6D1C /* Project object */;
			proxyType = 1;
			remoteGlobalIDString = 982DC8702A936623006A6D1C;
			remoteInfo = "Yatzee Dice Game";
		};
/* End PBXContainerItemProxy section */

/* Begin PBXFileReference section */
		982DC8712A936623006A6D1C /* Yatzee Dice Game.app */ = {isa = PBXFileReference; explicitFileType = wrapper.application; includeInIndex = 0; path = "Yatzee Dice Game.app"; sourceTree = BUILT_PRODUCTS_DIR; };
		982DC8742A936623006A6D1C /* Yatzee_Dice_GameApp.swift */ = {isa = PBXFileReference; lastKnownFileType = sourcecode.swift; path = Yatzee_Dice_GameApp.swift; sourceTree = "<group>"; };
		982DC8762A936623006A6D1C /* ContentView.swift */ = {isa = PBXFileReference; lastKnownFileType = sourcecode.swift; path = ContentView.swift; sourceTree = "<group>"; };
		982DC8782A936625006A6D1C /* Assets.xcassets */ = {isa = PBXFileReference; lastKnownFileType = folder.assetcatalog; path = Assets.xcassets; sourceTree = "<group>"; };
		982DC87B2A936625006A6D1C /* Preview Assets.xcassets */ = {isa = PBXFileReference; lastKnownFileType = folder.assetcatalog; path = "Preview Assets.xcassets"; sourceTree = "<group>"; };
		982DC8812A936625006A6D1C /* Yatzee Dice GameTests.xctest */ = {isa = PBXFileReference; explicitFileType = wrapper.cfbundle; includeInIndex = 0; path = "Yatzee Dice GameTests.xctest"; sourceTree = BUILT_PRODUCTS_DIR; };
		982DC8852A936625006A6D1C /* Yatzee_Dice_GameTests.swift */ = {isa = PBXFileReference; lastKnownFileType = sourcecode.swift; path = Yatzee_Dice_GameTests.swift; sourceTree = "<group>"; };
		982DC88B2A936625006A6D1C /* Yatzee Dice GameUITests.xctest */ = {isa = PBXFileReference; explicitFileType = wrapper.cfbundle; includeInIndex = 0; path = "Yatzee Dice GameUITests.xctest"; sourceTree = BUILT_PRODUCTS_DIR; };
		982DC88F2A936625006A6D1C /* Yatzee_Dice_GameUITests.swift */ = {isa = PBXFileReference; lastKnownFileType = sourcecode.swift; path = Yatzee_Dice_GameUITests.swift; sourceTree = "<group>"; };
		982DC8912A936625006A6D1C /* Yatzee_Dice_GameUITestsLaunchTests.swift */ = {isa = PBXFileReference; lastKnownFileType = sourcecode.swift; path = Yatzee_Dice_GameUITestsLaunchTests.swift; sourceTree = "<group>"; };
/* End PBXFileReference section */

/* Begin PBXFrameworksBuildPhase section */
		982DC86E2A936623006A6D1C /* Frameworks */ = {
			isa = PBXFrameworksBuildPhase;
			buildActionMask = 2147483647;
			files = (
			);
			runOnlyForDeploymentPostprocessing = 0;
		};
		982DC87E2A936625006A6D1C /* Frameworks */ = {
			isa = PBXFrameworksBuildPhase;
			buildActionMask = 2147483647;
			files = (
			);
			runOnlyForDeploymentPostprocessing = 0;
		};
		982DC8882A936625006A6D1C /* Frameworks */ = {
			isa = PBXFrameworksBuildPhase;
			buildActionMask = 2147483647;
			files = (
			);
			runOnlyForDeploymentPostprocessing = 0;
		};
/* End PBXFrameworksBuildPhase section */

/* Begin PBXGroup section */
		982DC8682A936623006A6D1C = {
			isa = PBXGroup;
			children = (
				982DC8732A936623006A6D1C /* Yatzee Dice Game */,
				982DC8842A936625006A6D1C /* Yatzee Dice GameTests */,
				982DC88E2A936625006A6D1C /* Yatzee Dice GameUITests */,
				982DC8722A936623006A6D1C /* Products */,
			);
			sourceTree = "<group>";
		};
		982DC8722A936623006A6D1C /* Products */ = {
			isa = PBXGroup;
			children = (
				982DC8712A936623006A6D1C /* Yatzee Dice Game.app */,
				982DC8812A936625006A6D1C /* Yatzee Dice GameTests.xctest */,
				982DC88B2A936625006A6D1C /* Yatzee Dice GameUITests.xctest */,
			);
			name = Products;
			sourceTree = "<group>";
		};
		982DC8732A936623006A6D1C /* Yatzee Dice Game */ = {
			isa = PBXGroup;
			children = (
				982DC8742A936623006A6D1C /* Yatzee_Dice_GameApp.swift */,
				982DC8762A936623006A6D1C /* ContentView.swift */,
				982DC8782A936625006A6D1C /* Assets.xcassets */,
				982DC87A2A936625006A6D1C /* Preview Content */,
			);
			path = "Yatzee Dice Game";
			sourceTree = "<group>";
		};
		982DC87A2A936625006A6D1C /* Preview Content */ = {
			isa = PBXGroup;
			children = (
				982DC87B2A936625006A6D1C /* Preview Assets.xcassets */,
			);
			path = "Preview Content";
			sourceTree = "<group>";
		};
		982DC8842A936625006A6D1C /* Yatzee Dice GameTests */ = {
			isa = PBXGroup;
			children = (
				982DC8852A936625006A6D1C /* Yatzee_Dice_GameTests.swift */,
			);
			path = "Yatzee Dice GameTests";
			sourceTree = "<group>";
		};
		982DC88E2A936625006A6D1C /* Yatzee Dice GameUITests */ = {
			isa = PBXGroup;
			children = (
				982DC88F2A936625006A6D1C /* Yatzee_Dice_GameUITests.swift */,
				982DC8912A936625006A6D1C /* Yatzee_Dice_GameUITestsLaunchTests.swift */,
			);
			path = "Yatzee Dice GameUITests";
			sourceTree = "<group>";
		};
/* End PBXGroup section */

/* Begin PBXNativeTarget section */
		982DC8702A936623006A6D1C /* Yatzee Dice Game */ = {
			isa = PBXNativeTarget;
			buildConfigurationList = 982DC8952A936625006A6D1C /* Build configuration list for PBXNativeTarget "Yatzee Dice Game" */;
			buildPhases = (
				982DC86D2A936623006A6D1C /* Sources */,
				982DC86E2A936623006A6D1C /* Frameworks */,
				982DC86F2A936623006A6D1C /* Resources */,
			);
			buildRules = (
			);
			dependencies = (
			);
			name = "Yatzee Dice Game";
			productName = "Yatzee Dice Game";
			productReference = 982DC8712A936623006A6D1C /* Yatzee Dice Game.app */;
			productType = "com.apple.product-type.application";
		};
		982DC8802A936625006A6D1C /* Yatzee Dice GameTests */ = {
			isa = PBXNativeTarget;
			buildConfigurationList = 982DC8982A936625006A6D1C /* Build configuration list for PBXNativeTarget "Yatzee Dice GameTests" */;
			buildPhases = (
				982DC87D2A936625006A6D1C /* Sources */,
				982DC87E2A936625006A6D1C /* Frameworks */,
				982DC87F2A936625006A6D1C /* Resources */,
			);
			buildRules = (
			);
			dependencies = (
				982DC8832A936625006A6D1C /* PBXTargetDependency */,
			);
			name = "Yatzee Dice GameTests";
			productName = "Yatzee Dice GameTests";
			productReference = 982DC8812A936625006A6D1C /* Yatzee Dice GameTests.xctest */;
			productType = "com.apple.product-type.bundle.unit-test";
		};
		982DC88A2A936625006A6D1C /* Yatzee Dice GameUITests */ = {
			isa = PBXNativeTarget;
			buildConfigurationList = 982DC89B2A936625006A6D1C /* Build configuration list for PBXNativeTarget "Yatzee Dice GameUITests" */;
			buildPhases = (
				982DC8872A936625006A6D1C /* Sources */,
				982DC8882A936625006A6D1C /* Frameworks */,
				982DC8892A936625006A6D1C /* Resources */,
			);
			buildRules = (
			);
			dependencies = (
				982DC88D2A936625006A6D1C /* PBXTargetDependency */,
			);
			name = "Yatzee Dice GameUITests";
			productName = "Yatzee Dice GameUITests";
			productReference = 982DC88B2A936625006A6D1C /* Yatzee Dice GameUITests.xctest */;
			productType = "com.apple.product-type.bundle.ui-testing";
		};
/* End PBXNativeTarget section */

/* Begin PBXProject section */
		982DC8692A936623006A6D1C /* Project object */ = {
			isa = PBXProject;
			attributes = {
				BuildIndependentTargetsInParallel = 1;
				LastSwiftUpdateCheck = 1430;
				LastUpgradeCheck = 1430;
				TargetAttributes = {
					982DC8702A936623006A6D1C = {
						CreatedOnToolsVersion = 14.3.1;
					};
					982DC8802A936625006A6D1C = {
						CreatedOnToolsVersion = 14.3.1;
						TestTargetID = 982DC8702A936623006A6D1C;
					};
					982DC88A2A936625006A6D1C = {
						CreatedOnToolsVersion = 14.3.1;
						TestTargetID = 982DC8702A936623006A6D1C;
					};
				};
			};
			buildConfigurationList = 982DC86C2A936623006A6D1C /* Build configuration list for PBXProject "Yatzee Dice Game" */;
			compatibilityVersion = "Xcode 14.0";
			developmentRegion = en;
			hasScannedForEncodings = 0;
			knownRegions = (
				en,
				Base,
			);
			mainGroup = 982DC8682A936623006A6D1C;
			productRefGroup = 982DC8722A936623006A6D1C /* Products */;
			projectDirPath = "";
			projectRoot = "";
			targets = (
				982DC8702A936623006A6D1C /* Yatzee Dice Game */,
				982DC8802A936625006A6D1C /* Yatzee Dice GameTests */,
				982DC88A2A936625006A6D1C /* Yatzee Dice GameUITests */,
			);
		};
/* End PBXProject section */

/* Begin PBXResourcesBuildPhase section */
		982DC86F2A936623006A6D1C /* Resources */ = {
			isa = PBXResourcesBuildPhase;
			buildActionMask = 2147483647;
			files = (
				982DC87C2A936625006A6D1C /* Preview Assets.xcassets in Resources */,
				982DC8792A936625006A6D1C /* Assets.xcassets in Resources */,
			);
			runOnlyForDeploymentPostprocessing = 0;
		};
		982DC87F2A936625006A6D1C /* Resources */ = {
			isa = PBXResourcesBuildPhase;
			buildActionMask = 2147483647;
			files = (
			);
			runOnlyForDeploymentPostprocessing = 0;
		};
		982DC8892A936625006A6D1C /* Resources */ = {
			isa = PBXResourcesBuildPhase;
			buildActionMask = 2147483647;
			files = (
			);
			runOnlyForDeploymentPostprocessing = 0;
		};
/* End PBXResourcesBuildPhase section */

/* Begin PBXSourcesBuildPhase section */
		982DC86D2A936623006A6D1C /* Sources */ = {
			isa = PBXSourcesBuildPhase;
			buildActionMask = 2147483647;
			files = (
				982DC8772A936623006A6D1C /* ContentView.swift in Sources */,
				982DC8752A936623006A6D1C /* Yatzee_Dice_GameApp.swift in Sources */,
			);
			runOnlyForDeploymentPostprocessing = 0;
		};
		982DC87D2A936625006A6D1C /* Sources */ = {
			isa = PBXSourcesBuildPhase;
			buildActionMask = 2147483647;
			files = (
				982DC8862A936625006A6D1C /* Yatzee_Dice_GameTests.swift in Sources */,
			);
			runOnlyForDeploymentPostprocessing = 0;
		};
		982DC8872A936625006A6D1C /* Sources */ = {
			isa = PBXSourcesBuildPhase;
			buildActionMask = 2147483647;
			files = (
				982DC8902A936625006A6D1C /* Yatzee_Dice_GameUITests.swift in Sources */,
				982DC8922A936625006A6D1C /* Yatzee_Dice_GameUITestsLaunchTests.swift in Sources */,
			);
			runOnlyForDeploymentPostprocessing = 0;
		};
/* End PBXSourcesBuildPhase section */

/* Begin PBXTargetDependency section */
		982DC8832A936625006A6D1C /* PBXTargetDependency */ = {
			isa = PBXTargetDependency;
			target = 982DC8702A936623006A6D1C /* Yatzee Dice Game */;
			targetProxy = 982DC8822A936625006A6D1C /* PBXContainerItemProxy */;
		};
		982DC88D2A936625006A6D1C /* PBXTargetDependency */ = {
			isa = PBXTargetDependency;
			target = 982DC8702A936623006A6D1C /* Yatzee Dice Game */;
			targetProxy = 982DC88C2A936625006A6D1C /* PBXContainerItemProxy */;
		};
/* End PBXTargetDependency section */

/* Begin XCBuildConfiguration section */
		982DC8932A936625006A6D1C /* Debug */ = {
			isa = XCBuildConfiguration;
			buildSettings = {
				ALWAYS_SEARCH_USER_PATHS = NO;
				CLANG_ANALYZER_NONNULL = YES;
				CLANG_ANALYZER_NUMBER_OBJECT_CONVERSION = YES_AGGRESSIVE;
				CLANG_CXX_LANGUAGE_STANDARD = "gnu++20";
				CLANG_ENABLE_MODULES = YES;
				CLANG_ENABLE_OBJC_ARC = YES;
				CLANG_ENABLE_OBJC_WEAK = YES;
				CLANG_WARN_BLOCK_CAPTURE_AUTORELEASING = YES;
				CLANG_WARN_BOOL_CONVERSION = YES;
				CLANG_WARN_COMMA = YES;
				CLANG_WARN_CONSTANT_CONVERSION = YES;
				CLANG_WARN_DEPRECATED_OBJC_IMPLEMENTATIONS = YES;
				CLANG_WARN_DIRECT_OBJC_ISA_USAGE = YES_ERROR;
				CLANG_WARN_DOCUMENTATION_COMMENTS = YES;
				CLANG_WARN_EMPTY_BODY = YES;
				CLANG_WARN_ENUM_CONVERSION = YES;
				CLANG_WARN_INFINITE_RECURSION = YES;
				CLANG_WARN_INT_CONVERSION = YES;
				CLANG_WARN_NON_LITERAL_NULL_CONVERSION = YES;
				CLANG_WARN_OBJC_IMPLICIT_RETAIN_SELF = YES;
				CLANG_WARN_OBJC_LITERAL_CONVERSION = YES;
				CLANG_WARN_OBJC_ROOT_CLASS = YES_ERROR;
				CLANG_WARN_QUOTED_INCLUDE_IN_FRAMEWORK_HEADER = YES;
				CLANG_WARN_RANGE_LOOP_ANALYSIS = YES;
				CLANG_WARN_STRICT_PROTOTYPES = YES;
				CLANG_WARN_SUSPICIOUS_MOVE = YES;
				CLANG_WARN_UNGUARDED_AVAILABILITY = YES_AGGRESSIVE;
				CLANG_WARN_UNREACHABLE_CODE = YES;
				CLANG_WARN__DUPLICATE_METHOD_MATCH = YES;
				COPY_PHASE_STRIP = NO;
				DEBUG_INFORMATION_FORMAT = dwarf;
				ENABLE_STRICT_OBJC_MSGSEND = YES;
				ENABLE_TESTABILITY = YES;
				GCC_C_LANGUAGE_STANDARD = gnu11;
				GCC_DYNAMIC_NO_PIC = NO;
				GCC_NO_COMMON_BLOCKS = YES;
				GCC_OPTIMIZATION_LEVEL = 0;
				GCC_PREPROCESSOR_DEFINITIONS = (
					"DEBUG=1",
					"$(inherited)",
				);
				GCC_WARN_64_TO_32_BIT_CONVERSION = YES;
				GCC_WARN_ABOUT_RETURN_TYPE = YES_ERROR;
				GCC_WARN_UNDECLARED_SELECTOR = YES;
				GCC_WARN_UNINITIALIZED_AUTOS = YES_AGGRESSIVE;
				GCC_WARN_UNUSED_FUNCTION = YES;
				GCC_WARN_UNUSED_VARIABLE = YES;
				IPHONEOS_DEPLOYMENT_TARGET = 16.4;
				MTL_ENABLE_DEBUG_INFO = INCLUDE_SOURCE;
				MTL_FAST_MATH = YES;
				ONLY_ACTIVE_ARCH = YES;
				SDKROOT = iphoneos;
				SWIFT_ACTIVE_COMPILATION_CONDITIONS = DEBUG;
				SWIFT_OPTIMIZATION_LEVEL = "-Onone";
			};
			name = Debug;
		};
		982DC8942A936625006A6D1C /* Release */ = {
			isa = XCBuildConfiguration;
			buildSettings = {
				ALWAYS_SEARCH_USER_PATHS = NO;
				CLANG_ANALYZER_NONNULL = YES;
				CLANG_ANALYZER_NUMBER_OBJECT_CONVERSION = YES_AGGRESSIVE;
				CLANG_CXX_LANGUAGE_STANDARD = "gnu++20";
				CLANG_ENABLE_MODULES = YES;
				CLANG_ENABLE_OBJC_ARC = YES;
				CLANG_ENABLE_OBJC_WEAK = YES;
				CLANG_WARN_BLOCK_CAPTURE_AUTORELEASING = YES;
				CLANG_WARN_BOOL_CONVERSION = YES;
				CLANG_WARN_COMMA = YES;
				CLANG_WARN_CONSTANT_CONVERSION = YES;
				CLANG_WARN_DEPRECATED_OBJC_IMPLEMENTATIONS = YES;
				CLANG_WARN_DIRECT_OBJC_ISA_USAGE = YES_ERROR;
				CLANG_WARN_DOCUMENTATION_COMMENTS = YES;
				CLANG_WARN_EMPTY_BODY = YES;
				CLANG_WARN_ENUM_CONVERSION = YES;
				CLANG_WARN_INFINITE_RECURSION = YES;
				CLANG_WARN_INT_CONVERSION = YES;
				CLANG_WARN_NON_LITERAL_NULL_CONVERSION = YES;
				CLANG_WARN_OBJC_IMPLICIT_RETAIN_SELF = YES;
				CLANG_WARN_OBJC_LITERAL_CONVERSION = YES;
				CLANG_WARN_OBJC_ROOT_CLASS = YES_ERROR;
				CLANG_WARN_QUOTED_INCLUDE_IN_FRAMEWORK_HEADER = YES;
				CLANG_WARN_RANGE_LOOP_ANALYSIS = YES;
				CLANG_WARN_STRICT_PROTOTYPES = YES;
				CLANG_WARN_SUSPICIOUS_MOVE = YES;
				CLANG_WARN_UNGUARDED_AVAILABILITY = YES_AGGRESSIVE;
				CLANG_WARN_UNREACHABLE_CODE = YES;
				CLANG_WARN__DUPLICATE_METHOD_MATCH = YES;
				COPY_PHASE_STRIP = NO;
				DEBUG_INFORMATION_FORMAT = "dwarf-with-dsym";
				ENABLE_NS_ASSERTIONS = NO;
				ENABLE_STRICT_OBJC_MSGSEND = YES;
				GCC_C_LANGUAGE_STANDARD = gnu11;
				GCC_NO_COMMON_BLOCKS = YES;
				GCC_WARN_64_TO_32_BIT_CONVERSION = YES;
				GCC_WARN_ABOUT_RETURN_TYPE = YES_ERROR;
				GCC_WARN_UNDECLARED_SELECTOR = YES;
				GCC_WARN_UNINITIALIZED_AUTOS = YES_AGGRESSIVE;
				GCC_WARN_UNUSED_FUNCTION = YES;
				GCC_WARN_UNUSED_VARIABLE = YES;
				IPHONEOS_DEPLOYMENT_TARGET = 16.4;
				MTL_ENABLE_DEBUG_INFO = NO;
				MTL_FAST_MATH = YES;
				SDKROOT = iphoneos;
				SWIFT_COMPILATION_MODE = wholemodule;
				SWIFT_OPTIMIZATION_LEVEL = "-O";
				VALIDATE_PRODUCT = YES;
			};
			name = Release;
		};
		982DC8962A936625006A6D1C /* Debug */ = {
			isa = XCBuildConfiguration;
			buildSettings = {
				ASSETCATALOG_COMPILER_APPICON_NAME = AppIcon;
				ASSETCATALOG_COMPILER_GLOBAL_ACCENT_COLOR_NAME = AccentColor;
				CODE_SIGN_STYLE = Automatic;
				CURRENT_PROJECT_VERSION = 1;
				DEVELOPMENT_ASSET_PATHS = "\"Yatzee Dice Game/Preview Content\"";
				DEVELOPMENT_TEAM = 3983239Z4G;
				ENABLE_PREVIEWS = YES;
				GENERATE_INFOPLIST_FILE = YES;
				INFOPLIST_KEY_UIApplicationSceneManifest_Generation = YES;
				INFOPLIST_KEY_UIApplicationSupportsIndirectInputEvents = YES;
				INFOPLIST_KEY_UILaunchScreen_Generation = YES;
				INFOPLIST_KEY_UISupportedInterfaceOrientations_iPad = "UIInterfaceOrientationPortrait UIInterfaceOrientationPortraitUpsideDown UIInterfaceOrientationLandscapeLeft UIInterfaceOrientationLandscapeRight";
				INFOPLIST_KEY_UISupportedInterfaceOrientations_iPhone = "UIInterfaceOrientationPortrait UIInterfaceOrientationLandscapeLeft UIInterfaceOrientationLandscapeRight";
				LD_RUNPATH_SEARCH_PATHS = (
					"$(inherited)",
					"@executable_path/Frameworks",
				);
				MARKETING_VERSION = 1.0;
				PRODUCT_BUNDLE_IDENTIFIER = "vn.edu.rmit.Yatzee-Dice-Game";
				PRODUCT_NAME = "$(TARGET_NAME)";
				SWIFT_EMIT_LOC_STRINGS = YES;
				SWIFT_VERSION = 5.0;
				TARGETED_DEVICE_FAMILY = "1,2";
			};
			name = Debug;
		};
		982DC8972A936625006A6D1C /* Release */ = {
			isa = XCBuildConfiguration;
			buildSettings = {
				ASSETCATALOG_COMPILER_APPICON_NAME = AppIcon;
				ASSETCATALOG_COMPILER_GLOBAL_ACCENT_COLOR_NAME = AccentColor;
				CODE_SIGN_STYLE = Automatic;
				CURRENT_PROJECT_VERSION = 1;
				DEVELOPMENT_ASSET_PATHS = "\"Yatzee Dice Game/Preview Content\"";
				DEVELOPMENT_TEAM = 3983239Z4G;
				ENABLE_PREVIEWS = YES;
				GENERATE_INFOPLIST_FILE = YES;
				INFOPLIST_KEY_UIApplicationSceneManifest_Generation = YES;
				INFOPLIST_KEY_UIApplicationSupportsIndirectInputEvents = YES;
				INFOPLIST_KEY_UILaunchScreen_Generation = YES;
				INFOPLIST_KEY_UISupportedInterfaceOrientations_iPad = "UIInterfaceOrientationPortrait UIInterfaceOrientationPortraitUpsideDown UIInterfaceOrientationLandscapeLeft UIInterfaceOrientationLandscapeRight";
				INFOPLIST_KEY_UISupportedInterfaceOrientations_iPhone = "UIInterfaceOrientationPortrait UIInterfaceOrientationLandscapeLeft UIInterfaceOrientationLandscapeRight";
				LD_RUNPATH_SEARCH_PATHS = (
					"$(inherited)",
					"@executable_path/Frameworks",
				);
				MARKETING_VERSION = 1.0;
				PRODUCT_BUNDLE_IDENTIFIER = "vn.edu.rmit.Yatzee-Dice-Game";
				PRODUCT_NAME = "$(TARGET_NAME)";
				SWIFT_EMIT_LOC_STRINGS = YES;
				SWIFT_VERSION = 5.0;
				TARGETED_DEVICE_FAMILY = "1,2";
			};
			name = Release;
		};
		982DC8992A936625006A6D1C /* Debug */ = {
			isa = XCBuildConfiguration;
			buildSettings = {
				ALWAYS_EMBED_SWIFT_STANDARD_LIBRARIES = YES;
				BUNDLE_LOADER = "$(TEST_HOST)";
				CODE_SIGN_STYLE = Automatic;
				CURRENT_PROJECT_VERSION = 1;
				DEVELOPMENT_TEAM = 3983239Z4G;
				GENERATE_INFOPLIST_FILE = YES;
				IPHONEOS_DEPLOYMENT_TARGET = 16.4;
				MARKETING_VERSION = 1.0;
				PRODUCT_BUNDLE_IDENTIFIER = "vn.edu.rmit.Yatzee-Dice-GameTests";
				PRODUCT_NAME = "$(TARGET_NAME)";
				SWIFT_EMIT_LOC_STRINGS = NO;
				SWIFT_VERSION = 5.0;
				TARGETED_DEVICE_FAMILY = "1,2";
				TEST_HOST = "$(BUILT_PRODUCTS_DIR)/Yatzee Dice Game.app/$(BUNDLE_EXECUTABLE_FOLDER_PATH)/Yatzee Dice Game";
			};
			name = Debug;
		};
		982DC89A2A936625006A6D1C /* Release */ = {
			isa = XCBuildConfiguration;
			buildSettings = {
				ALWAYS_EMBED_SWIFT_STANDARD_LIBRARIES = YES;
				BUNDLE_LOADER = "$(TEST_HOST)";
				CODE_SIGN_STYLE = Automatic;
				CURRENT_PROJECT_VERSION = 1;
				DEVELOPMENT_TEAM = 3983239Z4G;
				GENERATE_INFOPLIST_FILE = YES;
				IPHONEOS_DEPLOYMENT_TARGET = 16.4;
				MARKETING_VERSION = 1.0;
				PRODUCT_BUNDLE_IDENTIFIER = "vn.edu.rmit.Yatzee-Dice-GameTests";
				PRODUCT_NAME = "$(TARGET_NAME)";
				SWIFT_EMIT_LOC_STRINGS = NO;
				SWIFT_VERSION = 5.0;
				TARGETED_DEVICE_FAMILY = "1,2";
				TEST_HOST = "$(BUILT_PRODUCTS_DIR)/Yatzee Dice Game.app/$(BUNDLE_EXECUTABLE_FOLDER_PATH)/Yatzee Dice Game";
			};
			name = Release;
		};
		982DC89C2A936625006A6D1C /* Debug */ = {
			isa = XCBuildConfiguration;
			buildSettings = {
				ALWAYS_EMBED_SWIFT_STANDARD_LIBRARIES = YES;
				CODE_SIGN_STYLE = Automatic;
				CURRENT_PROJECT_VERSION = 1;
				DEVELOPMENT_TEAM = 3983239Z4G;
				GENERATE_INFOPLIST_FILE = YES;
				MARKETING_VERSION = 1.0;
				PRODUCT_BUNDLE_IDENTIFIER = "vn.edu.rmit.Yatzee-Dice-GameUITests";
				PRODUCT_NAME = "$(TARGET_NAME)";
				SWIFT_EMIT_LOC_STRINGS = NO;
				SWIFT_VERSION = 5.0;
				TARGETED_DEVICE_FAMILY = "1,2";
				TEST_TARGET_NAME = "Yatzee Dice Game";
			};
			name = Debug;
		};
		982DC89D2A936625006A6D1C /* Release */ = {
			isa = XCBuildConfiguration;
			buildSettings = {
				ALWAYS_EMBED_SWIFT_STANDARD_LIBRARIES = YES;
				CODE_SIGN_STYLE = Automatic;
				CURRENT_PROJECT_VERSION = 1;
				DEVELOPMENT_TEAM = 3983239Z4G;
				GENERATE_INFOPLIST_FILE = YES;
				MARKETING_VERSION = 1.0;
				PRODUCT_BUNDLE_IDENTIFIER = "vn.edu.rmit.Yatzee-Dice-GameUITests";
				PRODUCT_NAME = "$(TARGET_NAME)";
				SWIFT_EMIT_LOC_STRINGS = NO;
				SWIFT_VERSION = 5.0;
				TARGETED_DEVICE_FAMILY = "1,2";
				TEST_TARGET_NAME = "Yatzee Dice Game";
			};
			name = Release;
		};
/* End XCBuildConfiguration section */

/* Begin XCConfigurationList section */
		982DC86C2A936623006A6D1C /* Build configuration list for PBXProject "Yatzee Dice Game" */ = {
			isa = XCConfigurationList;
			buildConfigurations = (
				982DC8932A936625006A6D1C /* Debug */,
				982DC8942A936625006A6D1C /* Release */,
			);
			defaultConfigurationIsVisible = 0;
			defaultConfigurationName = Release;
		};
		982DC8952A936625006A6D1C /* Build configuration list for PBXNativeTarget "Yatzee Dice Game" */ = {
			isa = XCConfigurationList;
			buildConfigurations = (
				982DC8962A936625006A6D1C /* Debug */,
				982DC8972A936625006A6D1C /* Release */,
			);
			defaultConfigurationIsVisible = 0;
			defaultConfigurationName = Release;
		};
		982DC8982A936625006A6D1C /* Build configuration list for PBXNativeTarget "Yatzee Dice GameTests" */ = {
			isa = XCConfigurationList;
			buildConfigurations = (
				982DC8992A936625006A6D1C /* Debug */,
				982DC89A2A936625006A6D1C /* Release */,
			);
			defaultConfigurationIsVisible = 0;
			defaultConfigurationName = Release;
		};
		982DC89B2A936625006A6D1C /* Build configuration list for PBXNativeTarget "Yatzee Dice GameUITests" */ = {
			isa = XCConfigurationList;
			buildConfigurations = (
				982DC89C2A936625006A6D1C /* Debug */,
				982DC89D2A936625006A6D1C /* Release */,
			);
			defaultConfigurationIsVisible = 0;
			defaultConfigurationName = Release;
		};
/* End XCConfigurationList section */
	};
	rootObject = 982DC8692A936623006A6D1C /* Project object */;
}
