// !$*UTF8*$!
{
	archiveVersion = 1;
	classes = {
	};
	objectVersion = 56;
	objects = {

/* Begin PBXBuildFile section */
		98126CC72AA7CC3900C9D227 /* UserInputView.swift in Sources */ = {isa = PBXBuildFile; fileRef = 98126CC62AA7CC3900C9D227 /* UserInputView.swift */; };
		98126CC92AA82AB900C9D227 /* Player.swift in Sources */ = {isa = PBXBuildFile; fileRef = 98126CC82AA82AB900C9D227 /* Player.swift */; };
		98126CCB2AA9A6D200C9D227 /* Logo.swift in Sources */ = {isa = PBXBuildFile; fileRef = 98126CCA2AA9A6D200C9D227 /* Logo.swift */; };
		98126CCE2AA9A8B400C9D227 /* GameButton.swift in Sources */ = {isa = PBXBuildFile; fileRef = 98126CCD2AA9A8B400C9D227 /* GameButton.swift */; };
		98126CD22AA9AA1A00C9D227 /* MenuIcon.swift in Sources */ = {isa = PBXBuildFile; fileRef = 98126CD12AA9AA1A00C9D227 /* MenuIcon.swift */; };
		98126CD42AA9AB1800C9D227 /* Background.swift in Sources */ = {isa = PBXBuildFile; fileRef = 98126CD32AA9AB1800C9D227 /* Background.swift */; };
		98126CD82AA9BBF900C9D227 /* LeaderBoardViewModel.swift in Sources */ = {isa = PBXBuildFile; fileRef = 98126CD72AA9BBF900C9D227 /* LeaderBoardViewModel.swift */; };
		98126CDA2AA9FCF300C9D227 /* GameView.swift in Sources */ = {isa = PBXBuildFile; fileRef = 98126CD92AA9FCF300C9D227 /* GameView.swift */; };
		98126CDD2AAA2BE900C9D227 /* StartGameButton.swift in Sources */ = {isa = PBXBuildFile; fileRef = 98126CDC2AAA2BE900C9D227 /* StartGameButton.swift */; };
		98126CDF2AAA311C00C9D227 /* PlayerRow.swift in Sources */ = {isa = PBXBuildFile; fileRef = 98126CDE2AAA311C00C9D227 /* PlayerRow.swift */; };
		98126CE12AAA3C9500C9D227 /* Badge.swift in Sources */ = {isa = PBXBuildFile; fileRef = 98126CE02AAA3C9400C9D227 /* Badge.swift */; };
		98126CE32AAA4B2900C9D227 /* GameViewModel.swift in Sources */ = {isa = PBXBuildFile; fileRef = 98126CE22AAA4B2900C9D227 /* GameViewModel.swift */; };
		98126CE52AAA6AFC00C9D227 /* GameMode.swift in Sources */ = {isa = PBXBuildFile; fileRef = 98126CE42AAA6AFC00C9D227 /* GameMode.swift */; };
		98126CE82AAA6DDE00C9D227 /* SettingRow.swift in Sources */ = {isa = PBXBuildFile; fileRef = 98126CE72AAA6DDE00C9D227 /* SettingRow.swift */; };
		982DC8752A936623006A6D1C /* Yatzee_Dice_GameApp.swift in Sources */ = {isa = PBXBuildFile; fileRef = 982DC8742A936623006A6D1C /* Yatzee_Dice_GameApp.swift */; };
		982DC8772A936623006A6D1C /* ContentView.swift in Sources */ = {isa = PBXBuildFile; fileRef = 982DC8762A936623006A6D1C /* ContentView.swift */; };
		982DC8792A936625006A6D1C /* Assets.xcassets in Resources */ = {isa = PBXBuildFile; fileRef = 982DC8782A936625006A6D1C /* Assets.xcassets */; };
		982DC87C2A936625006A6D1C /* Preview Assets.xcassets in Resources */ = {isa = PBXBuildFile; fileRef = 982DC87B2A936625006A6D1C /* Preview Assets.xcassets */; };
		982DC8862A936625006A6D1C /* Yatzee_Dice_GameTests.swift in Sources */ = {isa = PBXBuildFile; fileRef = 982DC8852A936625006A6D1C /* Yatzee_Dice_GameTests.swift */; };
		982DC8902A936625006A6D1C /* Yatzee_Dice_GameUITests.swift in Sources */ = {isa = PBXBuildFile; fileRef = 982DC88F2A936625006A6D1C /* Yatzee_Dice_GameUITests.swift */; };
		982DC8922A936625006A6D1C /* Yatzee_Dice_GameUITestsLaunchTests.swift in Sources */ = {isa = PBXBuildFile; fileRef = 982DC8912A936625006A6D1C /* Yatzee_Dice_GameUITestsLaunchTests.swift */; };
		982DC8A32A936687006A6D1C /* MenuView.swift in Sources */ = {isa = PBXBuildFile; fileRef = 982DC8A22A936687006A6D1C /* MenuView.swift */; };
		982DC8A52A936691006A6D1C /* LeaderBoardView.swift in Sources */ = {isa = PBXBuildFile; fileRef = 982DC8A42A936691006A6D1C /* LeaderBoardView.swift */; };
		982DC8A92A9366BA006A6D1C /* SettingView.swift in Sources */ = {isa = PBXBuildFile; fileRef = 982DC8A82A9366BA006A6D1C /* SettingView.swift */; };
		982DC8AB2A9366C4006A6D1C /* InstructionView.swift in Sources */ = {isa = PBXBuildFile; fileRef = 982DC8AA2A9366C4006A6D1C /* InstructionView.swift */; };
		982DC8AF2A937114006A6D1C /* DiceBox.swift in Sources */ = {isa = PBXBuildFile; fileRef = 982DC8AE2A937114006A6D1C /* DiceBox.swift */; };
		982DC8B12A949480006A6D1C /* Modifiers.swift in Sources */ = {isa = PBXBuildFile; fileRef = 982DC8B02A949480006A6D1C /* Modifiers.swift */; };
		982DC8B32A94948C006A6D1C /* PlaySound.swift in Sources */ = {isa = PBXBuildFile; fileRef = 982DC8B22A94948C006A6D1C /* PlaySound.swift */; };
		982DC8B52A9495CF006A6D1C /* Avatar.swift in Sources */ = {isa = PBXBuildFile; fileRef = 982DC8B42A9495CF006A6D1C /* Avatar.swift */; };
		982DC8B72A94960C006A6D1C /* ScoreInfo.swift in Sources */ = {isa = PBXBuildFile; fileRef = 982DC8B62A94960C006A6D1C /* ScoreInfo.swift */; };
		982DC8B92A9499D1006A6D1C /* ScoreBanner.swift in Sources */ = {isa = PBXBuildFile; fileRef = 982DC8B82A9499D1006A6D1C /* ScoreBanner.swift */; };
		982DC8C42A949D8D006A6D1C /* Play-Regular.ttf in Resources */ = {isa = PBXBuildFile; fileRef = 982DC8C22A949D8C006A6D1C /* Play-Regular.ttf */; };
		982DC8C52A949D8D006A6D1C /* Play-Bold.ttf in Resources */ = {isa = PBXBuildFile; fileRef = 982DC8C32A949D8D006A6D1C /* Play-Bold.ttf */; };
		982DC8C92A94A75C006A6D1C /* ReelBox.swift in Sources */ = {isa = PBXBuildFile; fileRef = 982DC8C82A94A75C006A6D1C /* ReelBox.swift */; };
		982DC8CD2A94C949006A6D1C /* PointBox.swift in Sources */ = {isa = PBXBuildFile; fileRef = 982DC8CC2A94C949006A6D1C /* PointBox.swift */; };
		982DC8D12A95ABBA006A6D1C /* Utilities.swift in Sources */ = {isa = PBXBuildFile; fileRef = 982DC8D02A95ABBA006A6D1C /* Utilities.swift */; };
		982DC8DA2A985F63006A6D1C /* AnimatingView.swift in Sources */ = {isa = PBXBuildFile; fileRef = 982DC8D92A985F63006A6D1C /* AnimatingView.swift */; };
		982DC8DC2A98612A006A6D1C /* bonus.mp3 in Resources */ = {isa = PBXBuildFile; fileRef = 982DC8DB2A98612A006A6D1C /* bonus.mp3 */; };
		982DC8E22A98614B006A6D1C /* highscore.mp3 in Resources */ = {isa = PBXBuildFile; fileRef = 982DC8DD2A98614A006A6D1C /* highscore.mp3 */; };
		982DC8E32A98614B006A6D1C /* background-music.mp3 in Resources */ = {isa = PBXBuildFile; fileRef = 982DC8DE2A98614A006A6D1C /* background-music.mp3 */; };
		982DC8E42A98614B006A6D1C /* select.mp3 in Resources */ = {isa = PBXBuildFile; fileRef = 982DC8DF2A98614A006A6D1C /* select.mp3 */; };
		982DC8E52A98614B006A6D1C /* gameover.mp3 in Resources */ = {isa = PBXBuildFile; fileRef = 982DC8E02A98614A006A6D1C /* gameover.mp3 */; };
		982DC8E62A98614B006A6D1C /* play.mp3 in Resources */ = {isa = PBXBuildFile; fileRef = 982DC8E12A98614B006A6D1C /* play.mp3 */; };
		982DC8EA2A986545006A6D1C /* winning.mp3 in Resources */ = {isa = PBXBuildFile; fileRef = 982DC8E92A986545006A6D1C /* winning.mp3 */; };
		982DC8EC2A9866DF006A6D1C /* dice-roll.mp3 in Resources */ = {isa = PBXBuildFile; fileRef = 982DC8EB2A9866DF006A6D1C /* dice-roll.mp3 */; };
		982DC8EE2A9877F4006A6D1C /* lock.mp3 in Resources */ = {isa = PBXBuildFile; fileRef = 982DC8ED2A9877F4006A6D1C /* lock.mp3 */; };
		982DC8F62A9EE472006A6D1C /* InstructionRow.swift in Sources */ = {isa = PBXBuildFile; fileRef = 982DC8F52A9EE472006A6D1C /* InstructionRow.swift */; };
		982DC8F82A9EE61D006A6D1C /* ModelData.swift in Sources */ = {isa = PBXBuildFile; fileRef = 982DC8F72A9EE61D006A6D1C /* ModelData.swift */; };
		982DC8FA2A9EE645006A6D1C /* Dice.swift in Sources */ = {isa = PBXBuildFile; fileRef = 982DC8F92A9EE645006A6D1C /* Dice.swift */; };
		982DC8FD2A9EE8B7006A6D1C /* dices.json in Resources */ = {isa = PBXBuildFile; fileRef = 982DC8FC2A9EE8B7006A6D1C /* dices.json */; };
		982DC9012A9F2332006A6D1C /* DiceOption.swift in Sources */ = {isa = PBXBuildFile; fileRef = 982DC9002A9F2332006A6D1C /* DiceOption.swift */; };
		982DC9052AA1CE48006A6D1C /* Reel.swift in Sources */ = {isa = PBXBuildFile; fileRef = 982DC9042AA1CE48006A6D1C /* Reel.swift */; };
		9899CF952AAB44E900E92D44 /* MenuViewModel.swift in Sources */ = {isa = PBXBuildFile; fileRef = 9899CF942AAB44E900E92D44 /* MenuViewModel.swift */; };
		98BE4F012AA782A800C3D580 /* RollViewModel.swift in Sources */ = {isa = PBXBuildFile; fileRef = 98BE4F002AA782A800C3D580 /* RollViewModel.swift */; };
		98BE4F052AA78A4E00C3D580 /* RollView.swift in Sources */ = {isa = PBXBuildFile; fileRef = 98BE4F042AA78A4E00C3D580 /* RollView.swift */; };
		98BE4F072AA7904D00C3D580 /* DiceOptionViewModel.swift in Sources */ = {isa = PBXBuildFile; fileRef = 98BE4F062AA7904D00C3D580 /* DiceOptionViewModel.swift */; };
		98FE71DA2AA7A285005CA167 /* DiceOptionRow.swift in Sources */ = {isa = PBXBuildFile; fileRef = 98FE71D92AA7A285005CA167 /* DiceOptionRow.swift */; };
/* End PBXBuildFile section */

/* Begin PBXContainerItemProxy section */
		982DC8822A936625006A6D1C /* PBXContainerItemProxy */ = {
			isa = PBXContainerItemProxy;
			containerPortal = 982DC8692A936623006A6D1C /* Project object */;
			proxyType = 1;
			remoteGlobalIDString = 982DC8702A936623006A6D1C;
			remoteInfo = "Yatzee Dice Game";
		};
		982DC88C2A936625006A6D1C /* PBXContainerItemProxy */ = {
			isa = PBXContainerItemProxy;
			containerPortal = 982DC8692A936623006A6D1C /* Project object */;
			proxyType = 1;
			remoteGlobalIDString = 982DC8702A936623006A6D1C;
			remoteInfo = "Yatzee Dice Game";
		};
/* End PBXContainerItemProxy section */

/* Begin PBXFileReference section */
		98126CC62AA7CC3900C9D227 /* UserInputView.swift */ = {isa = PBXFileReference; lastKnownFileType = sourcecode.swift; path = UserInputView.swift; sourceTree = "<group>"; };
		98126CC82AA82AB900C9D227 /* Player.swift */ = {isa = PBXFileReference; lastKnownFileType = sourcecode.swift; path = Player.swift; sourceTree = "<group>"; };
		98126CCA2AA9A6D200C9D227 /* Logo.swift */ = {isa = PBXFileReference; lastKnownFileType = sourcecode.swift; path = Logo.swift; sourceTree = "<group>"; };
		98126CCD2AA9A8B400C9D227 /* GameButton.swift */ = {isa = PBXFileReference; lastKnownFileType = sourcecode.swift; path = GameButton.swift; sourceTree = "<group>"; };
		98126CD12AA9AA1A00C9D227 /* MenuIcon.swift */ = {isa = PBXFileReference; lastKnownFileType = sourcecode.swift; path = MenuIcon.swift; sourceTree = "<group>"; };
		98126CD32AA9AB1800C9D227 /* Background.swift */ = {isa = PBXFileReference; lastKnownFileType = sourcecode.swift; path = Background.swift; sourceTree = "<group>"; };
		98126CD72AA9BBF900C9D227 /* LeaderBoardViewModel.swift */ = {isa = PBXFileReference; lastKnownFileType = sourcecode.swift; path = LeaderBoardViewModel.swift; sourceTree = "<group>"; };
		98126CD92AA9FCF300C9D227 /* GameView.swift */ = {isa = PBXFileReference; lastKnownFileType = sourcecode.swift; path = GameView.swift; sourceTree = "<group>"; };
		98126CDC2AAA2BE900C9D227 /* StartGameButton.swift */ = {isa = PBXFileReference; lastKnownFileType = sourcecode.swift; path = StartGameButton.swift; sourceTree = "<group>"; };
		98126CDE2AAA311C00C9D227 /* PlayerRow.swift */ = {isa = PBXFileReference; lastKnownFileType = sourcecode.swift; path = PlayerRow.swift; sourceTree = "<group>"; };
		98126CE02AAA3C9400C9D227 /* Badge.swift */ = {isa = PBXFileReference; lastKnownFileType = sourcecode.swift; path = Badge.swift; sourceTree = "<group>"; };
		98126CE22AAA4B2900C9D227 /* GameViewModel.swift */ = {isa = PBXFileReference; lastKnownFileType = sourcecode.swift; path = GameViewModel.swift; sourceTree = "<group>"; };
		98126CE42AAA6AFC00C9D227 /* GameMode.swift */ = {isa = PBXFileReference; lastKnownFileType = sourcecode.swift; path = GameMode.swift; sourceTree = "<group>"; };
		98126CE72AAA6DDE00C9D227 /* SettingRow.swift */ = {isa = PBXFileReference; lastKnownFileType = sourcecode.swift; path = SettingRow.swift; sourceTree = "<group>"; };
		982DC8712A936623006A6D1C /* Yatzee Dice Game.app */ = {isa = PBXFileReference; explicitFileType = wrapper.application; includeInIndex = 0; path = "Yatzee Dice Game.app"; sourceTree = BUILT_PRODUCTS_DIR; };
		982DC8742A936623006A6D1C /* Yatzee_Dice_GameApp.swift */ = {isa = PBXFileReference; lastKnownFileType = sourcecode.swift; path = Yatzee_Dice_GameApp.swift; sourceTree = "<group>"; };
		982DC8762A936623006A6D1C /* ContentView.swift */ = {isa = PBXFileReference; lastKnownFileType = sourcecode.swift; path = ContentView.swift; sourceTree = "<group>"; };
		982DC8782A936625006A6D1C /* Assets.xcassets */ = {isa = PBXFileReference; lastKnownFileType = folder.assetcatalog; path = Assets.xcassets; sourceTree = "<group>"; };
		982DC87B2A936625006A6D1C /* Preview Assets.xcassets */ = {isa = PBXFileReference; lastKnownFileType = folder.assetcatalog; path = "Preview Assets.xcassets"; sourceTree = "<group>"; };
		982DC8812A936625006A6D1C /* Yatzee Dice GameTests.xctest */ = {isa = PBXFileReference; explicitFileType = wrapper.cfbundle; includeInIndex = 0; path = "Yatzee Dice GameTests.xctest"; sourceTree = BUILT_PRODUCTS_DIR; };
		982DC8852A936625006A6D1C /* Yatzee_Dice_GameTests.swift */ = {isa = PBXFileReference; lastKnownFileType = sourcecode.swift; path = Yatzee_Dice_GameTests.swift; sourceTree = "<group>"; };
		982DC88B2A936625006A6D1C /* Yatzee Dice GameUITests.xctest */ = {isa = PBXFileReference; explicitFileType = wrapper.cfbundle; includeInIndex = 0; path = "Yatzee Dice GameUITests.xctest"; sourceTree = BUILT_PRODUCTS_DIR; };
		982DC88F2A936625006A6D1C /* Yatzee_Dice_GameUITests.swift */ = {isa = PBXFileReference; lastKnownFileType = sourcecode.swift; path = Yatzee_Dice_GameUITests.swift; sourceTree = "<group>"; };
		982DC8912A936625006A6D1C /* Yatzee_Dice_GameUITestsLaunchTests.swift */ = {isa = PBXFileReference; lastKnownFileType = sourcecode.swift; path = Yatzee_Dice_GameUITestsLaunchTests.swift; sourceTree = "<group>"; };
		982DC8A22A936687006A6D1C /* MenuView.swift */ = {isa = PBXFileReference; lastKnownFileType = sourcecode.swift; path = MenuView.swift; sourceTree = "<group>"; };
		982DC8A42A936691006A6D1C /* LeaderBoardView.swift */ = {isa = PBXFileReference; lastKnownFileType = sourcecode.swift; path = LeaderBoardView.swift; sourceTree = "<group>"; };
		982DC8A82A9366BA006A6D1C /* SettingView.swift */ = {isa = PBXFileReference; lastKnownFileType = sourcecode.swift; path = SettingView.swift; sourceTree = "<group>"; };
		982DC8AA2A9366C4006A6D1C /* InstructionView.swift */ = {isa = PBXFileReference; lastKnownFileType = sourcecode.swift; path = InstructionView.swift; sourceTree = "<group>"; };
		982DC8AE2A937114006A6D1C /* DiceBox.swift */ = {isa = PBXFileReference; lastKnownFileType = sourcecode.swift; path = DiceBox.swift; sourceTree = "<group>"; };
		982DC8B02A949480006A6D1C /* Modifiers.swift */ = {isa = PBXFileReference; lastKnownFileType = sourcecode.swift; path = Modifiers.swift; sourceTree = "<group>"; };
		982DC8B22A94948C006A6D1C /* PlaySound.swift */ = {isa = PBXFileReference; lastKnownFileType = sourcecode.swift; path = PlaySound.swift; sourceTree = "<group>"; };
		982DC8B42A9495CF006A6D1C /* Avatar.swift */ = {isa = PBXFileReference; lastKnownFileType = sourcecode.swift; path = Avatar.swift; sourceTree = "<group>"; };
		982DC8B62A94960C006A6D1C /* ScoreInfo.swift */ = {isa = PBXFileReference; lastKnownFileType = sourcecode.swift; path = ScoreInfo.swift; sourceTree = "<group>"; };
		982DC8B82A9499D1006A6D1C /* ScoreBanner.swift */ = {isa = PBXFileReference; lastKnownFileType = sourcecode.swift; path = ScoreBanner.swift; sourceTree = "<group>"; };
		982DC8C22A949D8C006A6D1C /* Play-Regular.ttf */ = {isa = PBXFileReference; lastKnownFileType = file; path = "Play-Regular.ttf"; sourceTree = "<group>"; };
		982DC8C32A949D8D006A6D1C /* Play-Bold.ttf */ = {isa = PBXFileReference; lastKnownFileType = file; path = "Play-Bold.ttf"; sourceTree = "<group>"; };
		982DC8C82A94A75C006A6D1C /* ReelBox.swift */ = {isa = PBXFileReference; lastKnownFileType = sourcecode.swift; path = ReelBox.swift; sourceTree = "<group>"; };
		982DC8CC2A94C949006A6D1C /* PointBox.swift */ = {isa = PBXFileReference; lastKnownFileType = sourcecode.swift; path = PointBox.swift; sourceTree = "<group>"; };
		982DC8D02A95ABBA006A6D1C /* Utilities.swift */ = {isa = PBXFileReference; lastKnownFileType = sourcecode.swift; path = Utilities.swift; sourceTree = "<group>"; };
		982DC8D92A985F63006A6D1C /* AnimatingView.swift */ = {isa = PBXFileReference; lastKnownFileType = sourcecode.swift; path = AnimatingView.swift; sourceTree = "<group>"; };
		982DC8DB2A98612A006A6D1C /* bonus.mp3 */ = {isa = PBXFileReference; lastKnownFileType = audio.mp3; path = bonus.mp3; sourceTree = "<group>"; };
		982DC8DD2A98614A006A6D1C /* highscore.mp3 */ = {isa = PBXFileReference; lastKnownFileType = audio.mp3; path = highscore.mp3; sourceTree = "<group>"; };
		982DC8DE2A98614A006A6D1C /* background-music.mp3 */ = {isa = PBXFileReference; lastKnownFileType = audio.mp3; path = "background-music.mp3"; sourceTree = "<group>"; };
		982DC8DF2A98614A006A6D1C /* select.mp3 */ = {isa = PBXFileReference; lastKnownFileType = audio.mp3; path = select.mp3; sourceTree = "<group>"; };
		982DC8E02A98614A006A6D1C /* gameover.mp3 */ = {isa = PBXFileReference; lastKnownFileType = audio.mp3; path = gameover.mp3; sourceTree = "<group>"; };
		982DC8E12A98614B006A6D1C /* play.mp3 */ = {isa = PBXFileReference; lastKnownFileType = audio.mp3; path = play.mp3; sourceTree = "<group>"; };
		982DC8E92A986545006A6D1C /* winning.mp3 */ = {isa = PBXFileReference; lastKnownFileType = audio.mp3; path = winning.mp3; sourceTree = "<group>"; };
		982DC8EB2A9866DF006A6D1C /* dice-roll.mp3 */ = {isa = PBXFileReference; lastKnownFileType = audio.mp3; path = "dice-roll.mp3"; sourceTree = "<group>"; };
		982DC8ED2A9877F4006A6D1C /* lock.mp3 */ = {isa = PBXFileReference; lastKnownFileType = audio.mp3; path = lock.mp3; sourceTree = "<group>"; };
		982DC8F52A9EE472006A6D1C /* InstructionRow.swift */ = {isa = PBXFileReference; lastKnownFileType = sourcecode.swift; path = InstructionRow.swift; sourceTree = "<group>"; };
		982DC8F72A9EE61D006A6D1C /* ModelData.swift */ = {isa = PBXFileReference; lastKnownFileType = sourcecode.swift; path = ModelData.swift; sourceTree = "<group>"; };
		982DC8F92A9EE645006A6D1C /* Dice.swift */ = {isa = PBXFileReference; lastKnownFileType = sourcecode.swift; path = Dice.swift; sourceTree = "<group>"; };
		982DC8FC2A9EE8B7006A6D1C /* dices.json */ = {isa = PBXFileReference; fileEncoding = 4; lastKnownFileType = text.json; path = dices.json; sourceTree = "<group>"; };
		982DC9002A9F2332006A6D1C /* DiceOption.swift */ = {isa = PBXFileReference; lastKnownFileType = sourcecode.swift; path = DiceOption.swift; sourceTree = "<group>"; };
		982DC9042AA1CE48006A6D1C /* Reel.swift */ = {isa = PBXFileReference; lastKnownFileType = sourcecode.swift; path = Reel.swift; sourceTree = "<group>"; };
		9899CF942AAB44E900E92D44 /* MenuViewModel.swift */ = {isa = PBXFileReference; lastKnownFileType = sourcecode.swift; path = MenuViewModel.swift; sourceTree = "<group>"; };
		98BE4F002AA782A800C3D580 /* RollViewModel.swift */ = {isa = PBXFileReference; lastKnownFileType = sourcecode.swift; path = RollViewModel.swift; sourceTree = "<group>"; };
		98BE4F042AA78A4E00C3D580 /* RollView.swift */ = {isa = PBXFileReference; lastKnownFileType = sourcecode.swift; path = RollView.swift; sourceTree = "<group>"; };
		98BE4F062AA7904D00C3D580 /* DiceOptionViewModel.swift */ = {isa = PBXFileReference; lastKnownFileType = sourcecode.swift; path = DiceOptionViewModel.swift; sourceTree = "<group>"; };
		98FE71D92AA7A285005CA167 /* DiceOptionRow.swift */ = {isa = PBXFileReference; lastKnownFileType = sourcecode.swift; path = DiceOptionRow.swift; sourceTree = "<group>"; };
/* End PBXFileReference section */

/* Begin PBXFrameworksBuildPhase section */
		982DC86E2A936623006A6D1C /* Frameworks */ = {
			isa = PBXFrameworksBuildPhase;
			buildActionMask = 2147483647;
			files = (
			);
			runOnlyForDeploymentPostprocessing = 0;
		};
		982DC87E2A936625006A6D1C /* Frameworks */ = {
			isa = PBXFrameworksBuildPhase;
			buildActionMask = 2147483647;
			files = (
			);
			runOnlyForDeploymentPostprocessing = 0;
		};
		982DC8882A936625006A6D1C /* Frameworks */ = {
			isa = PBXFrameworksBuildPhase;
			buildActionMask = 2147483647;
			files = (
			);
			runOnlyForDeploymentPostprocessing = 0;
		};
/* End PBXFrameworksBuildPhase section */

/* Begin PBXGroup section */
		98126CCC2AA9A89B00C9D227 /* General */ = {
			isa = PBXGroup;
			children = (
				98126CCD2AA9A8B400C9D227 /* GameButton.swift */,
				98126CD32AA9AB1800C9D227 /* Background.swift */,
			);
			path = General;
			sourceTree = "<group>";
		};
		98126CE62AAA6DD100C9D227 /* Setting */ = {
			isa = PBXGroup;
			children = (
				98126CE72AAA6DDE00C9D227 /* SettingRow.swift */,
			);
			path = Setting;
			sourceTree = "<group>";
		};
		982DC8682A936623006A6D1C = {
			isa = PBXGroup;
			children = (
				982DC8732A936623006A6D1C /* Yatzee Dice Game */,
				982DC8842A936625006A6D1C /* Yatzee Dice GameTests */,
				982DC88E2A936625006A6D1C /* Yatzee Dice GameUITests */,
				982DC8722A936623006A6D1C /* Products */,
			);
			sourceTree = "<group>";
		};
		982DC8722A936623006A6D1C /* Products */ = {
			isa = PBXGroup;
			children = (
				982DC8712A936623006A6D1C /* Yatzee Dice Game.app */,
				982DC8812A936625006A6D1C /* Yatzee Dice GameTests.xctest */,
				982DC88B2A936625006A6D1C /* Yatzee Dice GameUITests.xctest */,
			);
			name = Products;
			sourceTree = "<group>";
		};
		982DC8732A936623006A6D1C /* Yatzee Dice Game */ = {
			isa = PBXGroup;
			children = (
				982DC8D72A985D7B006A6D1C /* Sounds */,
				982DC8C02A949C69006A6D1C /* Fonts */,
				982DC8FB2A9EE865006A6D1C /* Data */,
				982DC8A02A936648006A6D1C /* Model */,
				982DC89E2A936637006A6D1C /* View */,
				98BE4EFF2AA7829500C3D580 /* ViewModel */,
				982DC8AD2A937102006A6D1C /* Components */,
				982DC89F2A936640006A6D1C /* Helpers */,
				982DC8742A936623006A6D1C /* Yatzee_Dice_GameApp.swift */,
				982DC8782A936625006A6D1C /* Assets.xcassets */,
				982DC87A2A936625006A6D1C /* Preview Content */,
			);
			path = "Yatzee Dice Game";
			sourceTree = "<group>";
		};
		982DC87A2A936625006A6D1C /* Preview Content */ = {
			isa = PBXGroup;
			children = (
				982DC87B2A936625006A6D1C /* Preview Assets.xcassets */,
			);
			path = "Preview Content";
			sourceTree = "<group>";
		};
		982DC8842A936625006A6D1C /* Yatzee Dice GameTests */ = {
			isa = PBXGroup;
			children = (
				982DC8852A936625006A6D1C /* Yatzee_Dice_GameTests.swift */,
			);
			path = "Yatzee Dice GameTests";
			sourceTree = "<group>";
		};
		982DC88E2A936625006A6D1C /* Yatzee Dice GameUITests */ = {
			isa = PBXGroup;
			children = (
				982DC88F2A936625006A6D1C /* Yatzee_Dice_GameUITests.swift */,
				982DC8912A936625006A6D1C /* Yatzee_Dice_GameUITestsLaunchTests.swift */,
			);
			path = "Yatzee Dice GameUITests";
			sourceTree = "<group>";
		};
		982DC89E2A936637006A6D1C /* View */ = {
			isa = PBXGroup;
			children = (
				982DC8D92A985F63006A6D1C /* AnimatingView.swift */,
				98126CD92AA9FCF300C9D227 /* GameView.swift */,
				982DC8A22A936687006A6D1C /* MenuView.swift */,
				982DC8A42A936691006A6D1C /* LeaderBoardView.swift */,
				98126CC62AA7CC3900C9D227 /* UserInputView.swift */,
				982DC8A82A9366BA006A6D1C /* SettingView.swift */,
				982DC8AA2A9366C4006A6D1C /* InstructionView.swift */,
				982DC8762A936623006A6D1C /* ContentView.swift */,
			);
			path = View;
			sourceTree = "<group>";
		};
		982DC89F2A936640006A6D1C /* Helpers */ = {
			isa = PBXGroup;
			children = (
				982DC8B02A949480006A6D1C /* Modifiers.swift */,
				982DC8B22A94948C006A6D1C /* PlaySound.swift */,
				982DC8D02A95ABBA006A6D1C /* Utilities.swift */,
			);
			path = Helpers;
			sourceTree = "<group>";
		};
		982DC8A02A936648006A6D1C /* Model */ = {
			isa = PBXGroup;
			children = (
				982DC8F72A9EE61D006A6D1C /* ModelData.swift */,
				982DC8F92A9EE645006A6D1C /* Dice.swift */,
				982DC9042AA1CE48006A6D1C /* Reel.swift */,
				982DC9002A9F2332006A6D1C /* DiceOption.swift */,
				98126CC82AA82AB900C9D227 /* Player.swift */,
				98126CE42AAA6AFC00C9D227 /* GameMode.swift */,
			);
			path = Model;
			sourceTree = "<group>";
		};
		982DC8AD2A937102006A6D1C /* Components */ = {
			isa = PBXGroup;
			children = (
				98126CCC2AA9A89B00C9D227 /* General */,
				98126CE62AAA6DD100C9D227 /* Setting */,
				982DC8F22A9EDA97006A6D1C /* Game */,
				982DC8F42A9EE44A006A6D1C /* Instruction */,
				982DC8F32A9EDAA3006A6D1C /* LeaderBoard */,
				982DC8F12A9EDA56006A6D1C /* Menu */,
			);
			path = Components;
			sourceTree = "<group>";
		};
		982DC8C02A949C69006A6D1C /* Fonts */ = {
			isa = PBXGroup;
			children = (
				982DC8C32A949D8D006A6D1C /* Play-Bold.ttf */,
				982DC8C22A949D8C006A6D1C /* Play-Regular.ttf */,
			);
			path = Fonts;
			sourceTree = "<group>";
		};
		982DC8D72A985D7B006A6D1C /* Sounds */ = {
			isa = PBXGroup;
			children = (
				982DC8ED2A9877F4006A6D1C /* lock.mp3 */,
				982DC8EB2A9866DF006A6D1C /* dice-roll.mp3 */,
				982DC8E92A986545006A6D1C /* winning.mp3 */,
				982DC8DE2A98614A006A6D1C /* background-music.mp3 */,
				982DC8E02A98614A006A6D1C /* gameover.mp3 */,
				982DC8DD2A98614A006A6D1C /* highscore.mp3 */,
				982DC8E12A98614B006A6D1C /* play.mp3 */,
				982DC8DF2A98614A006A6D1C /* select.mp3 */,
				982DC8DB2A98612A006A6D1C /* bonus.mp3 */,
			);
			path = Sounds;
			sourceTree = "<group>";
		};
		982DC8F12A9EDA56006A6D1C /* Menu */ = {
			isa = PBXGroup;
			children = (
				98126CCA2AA9A6D200C9D227 /* Logo.swift */,
				98126CD12AA9AA1A00C9D227 /* MenuIcon.swift */,
				98126CDC2AAA2BE900C9D227 /* StartGameButton.swift */,
			);
			path = Menu;
			sourceTree = "<group>";
		};
		982DC8F22A9EDA97006A6D1C /* Game */ = {
			isa = PBXGroup;
			children = (
				982DC8B42A9495CF006A6D1C /* Avatar.swift */,
				982DC8B82A9499D1006A6D1C /* ScoreBanner.swift */,
				982DC8AE2A937114006A6D1C /* DiceBox.swift */,
				982DC8C82A94A75C006A6D1C /* ReelBox.swift */,
				98BE4F042AA78A4E00C3D580 /* RollView.swift */,
				982DC8B62A94960C006A6D1C /* ScoreInfo.swift */,
				982DC8CC2A94C949006A6D1C /* PointBox.swift */,
				98FE71D92AA7A285005CA167 /* DiceOptionRow.swift */,
			);
			path = Game;
			sourceTree = "<group>";
		};
		982DC8F32A9EDAA3006A6D1C /* LeaderBoard */ = {
			isa = PBXGroup;
			children = (
				98126CDE2AAA311C00C9D227 /* PlayerRow.swift */,
				98126CE02AAA3C9400C9D227 /* Badge.swift */,
			);
			path = LeaderBoard;
			sourceTree = "<group>";
		};
		982DC8F42A9EE44A006A6D1C /* Instruction */ = {
			isa = PBXGroup;
			children = (
				982DC8F52A9EE472006A6D1C /* InstructionRow.swift */,
			);
			path = Instruction;
			sourceTree = "<group>";
		};
		982DC8FB2A9EE865006A6D1C /* Data */ = {
			isa = PBXGroup;
			children = (
				982DC8FC2A9EE8B7006A6D1C /* dices.json */,
			);
			path = Data;
			sourceTree = "<group>";
		};
		98BE4EFF2AA7829500C3D580 /* ViewModel */ = {
			isa = PBXGroup;
			children = (
				98BE4F002AA782A800C3D580 /* RollViewModel.swift */,
				98BE4F062AA7904D00C3D580 /* DiceOptionViewModel.swift */,
				98126CD72AA9BBF900C9D227 /* LeaderBoardViewModel.swift */,
				98126CE22AAA4B2900C9D227 /* GameViewModel.swift */,
				9899CF942AAB44E900E92D44 /* MenuViewModel.swift */,
			);
			path = ViewModel;
			sourceTree = "<group>";
		};
/* End PBXGroup section */

/* Begin PBXNativeTarget section */
		982DC8702A936623006A6D1C /* Yatzee Dice Game */ = {
			isa = PBXNativeTarget;
			buildConfigurationList = 982DC8952A936625006A6D1C /* Build configuration list for PBXNativeTarget "Yatzee Dice Game" */;
			buildPhases = (
				982DC86D2A936623006A6D1C /* Sources */,
				982DC86E2A936623006A6D1C /* Frameworks */,
				982DC86F2A936623006A6D1C /* Resources */,
			);
			buildRules = (
			);
			dependencies = (
			);
			name = "Yatzee Dice Game";
			productName = "Yatzee Dice Game";
			productReference = 982DC8712A936623006A6D1C /* Yatzee Dice Game.app */;
			productType = "com.apple.product-type.application";
		};
		982DC8802A936625006A6D1C /* Yatzee Dice GameTests */ = {
			isa = PBXNativeTarget;
			buildConfigurationList = 982DC8982A936625006A6D1C /* Build configuration list for PBXNativeTarget "Yatzee Dice GameTests" */;
			buildPhases = (
				982DC87D2A936625006A6D1C /* Sources */,
				982DC87E2A936625006A6D1C /* Frameworks */,
				982DC87F2A936625006A6D1C /* Resources */,
			);
			buildRules = (
			);
			dependencies = (
				982DC8832A936625006A6D1C /* PBXTargetDependency */,
			);
			name = "Yatzee Dice GameTests";
			productName = "Yatzee Dice GameTests";
			productReference = 982DC8812A936625006A6D1C /* Yatzee Dice GameTests.xctest */;
			productType = "com.apple.product-type.bundle.unit-test";
		};
		982DC88A2A936625006A6D1C /* Yatzee Dice GameUITests */ = {
			isa = PBXNativeTarget;
			buildConfigurationList = 982DC89B2A936625006A6D1C /* Build configuration list for PBXNativeTarget "Yatzee Dice GameUITests" */;
			buildPhases = (
				982DC8872A936625006A6D1C /* Sources */,
				982DC8882A936625006A6D1C /* Frameworks */,
				982DC8892A936625006A6D1C /* Resources */,
			);
			buildRules = (
			);
			dependencies = (
				982DC88D2A936625006A6D1C /* PBXTargetDependency */,
			);
			name = "Yatzee Dice GameUITests";
			productName = "Yatzee Dice GameUITests";
			productReference = 982DC88B2A936625006A6D1C /* Yatzee Dice GameUITests.xctest */;
			productType = "com.apple.product-type.bundle.ui-testing";
		};
/* End PBXNativeTarget section */

/* Begin PBXProject section */
		982DC8692A936623006A6D1C /* Project object */ = {
			isa = PBXProject;
			attributes = {
				BuildIndependentTargetsInParallel = 1;
				LastSwiftUpdateCheck = 1430;
				LastUpgradeCheck = 1430;
				TargetAttributes = {
					982DC8702A936623006A6D1C = {
						CreatedOnToolsVersion = 14.3.1;
					};
					982DC8802A936625006A6D1C = {
						CreatedOnToolsVersion = 14.3.1;
						TestTargetID = 982DC8702A936623006A6D1C;
					};
					982DC88A2A936625006A6D1C = {
						CreatedOnToolsVersion = 14.3.1;
						TestTargetID = 982DC8702A936623006A6D1C;
					};
				};
			};
			buildConfigurationList = 982DC86C2A936623006A6D1C /* Build configuration list for PBXProject "Yatzee Dice Game" */;
			compatibilityVersion = "Xcode 14.0";
			developmentRegion = en;
			hasScannedForEncodings = 0;
			knownRegions = (
				en,
				Base,
			);
			mainGroup = 982DC8682A936623006A6D1C;
			productRefGroup = 982DC8722A936623006A6D1C /* Products */;
			projectDirPath = "";
			projectRoot = "";
			targets = (
				982DC8702A936623006A6D1C /* Yatzee Dice Game */,
				982DC8802A936625006A6D1C /* Yatzee Dice GameTests */,
				982DC88A2A936625006A6D1C /* Yatzee Dice GameUITests */,
			);
		};
/* End PBXProject section */

/* Begin PBXResourcesBuildPhase section */
		982DC86F2A936623006A6D1C /* Resources */ = {
			isa = PBXResourcesBuildPhase;
			buildActionMask = 2147483647;
			files = (
				982DC8E42A98614B006A6D1C /* select.mp3 in Resources */,
				982DC8EA2A986545006A6D1C /* winning.mp3 in Resources */,
				982DC87C2A936625006A6D1C /* Preview Assets.xcassets in Resources */,
				982DC8C52A949D8D006A6D1C /* Play-Bold.ttf in Resources */,
				982DC8C42A949D8D006A6D1C /* Play-Regular.ttf in Resources */,
				982DC8FD2A9EE8B7006A6D1C /* dices.json in Resources */,
				982DC8E52A98614B006A6D1C /* gameover.mp3 in Resources */,
				982DC8792A936625006A6D1C /* Assets.xcassets in Resources */,
				982DC8E62A98614B006A6D1C /* play.mp3 in Resources */,
				982DC8DC2A98612A006A6D1C /* bonus.mp3 in Resources */,
				982DC8EE2A9877F4006A6D1C /* lock.mp3 in Resources */,
				982DC8E32A98614B006A6D1C /* background-music.mp3 in Resources */,
				982DC8EC2A9866DF006A6D1C /* dice-roll.mp3 in Resources */,
				982DC8E22A98614B006A6D1C /* highscore.mp3 in Resources */,
			);
			runOnlyForDeploymentPostprocessing = 0;
		};
		982DC87F2A936625006A6D1C /* Resources */ = {
			isa = PBXResourcesBuildPhase;
			buildActionMask = 2147483647;
			files = (
			);
			runOnlyForDeploymentPostprocessing = 0;
		};
		982DC8892A936625006A6D1C /* Resources */ = {
			isa = PBXResourcesBuildPhase;
			buildActionMask = 2147483647;
			files = (
			);
			runOnlyForDeploymentPostprocessing = 0;
		};
/* End PBXResourcesBuildPhase section */

/* Begin PBXSourcesBuildPhase section */
		982DC86D2A936623006A6D1C /* Sources */ = {
			isa = PBXSourcesBuildPhase;
			buildActionMask = 2147483647;
			files = (
				98BE4F012AA782A800C3D580 /* RollViewModel.swift in Sources */,
				982DC8A52A936691006A6D1C /* LeaderBoardView.swift in Sources */,
				982DC8AF2A937114006A6D1C /* DiceBox.swift in Sources */,
				982DC8F82A9EE61D006A6D1C /* ModelData.swift in Sources */,
				98126CE12AAA3C9500C9D227 /* Badge.swift in Sources */,
				982DC8CD2A94C949006A6D1C /* PointBox.swift in Sources */,
				982DC8F62A9EE472006A6D1C /* InstructionRow.swift in Sources */,
				98126CD82AA9BBF900C9D227 /* LeaderBoardViewModel.swift in Sources */,
				982DC8772A936623006A6D1C /* ContentView.swift in Sources */,
				98126CD42AA9AB1800C9D227 /* Background.swift in Sources */,
				98FE71DA2AA7A285005CA167 /* DiceOptionRow.swift in Sources */,
				98BE4F052AA78A4E00C3D580 /* RollView.swift in Sources */,
				98126CE52AAA6AFC00C9D227 /* GameMode.swift in Sources */,
				98126CDF2AAA311C00C9D227 /* PlayerRow.swift in Sources */,
				982DC9052AA1CE48006A6D1C /* Reel.swift in Sources */,
				982DC8D12A95ABBA006A6D1C /* Utilities.swift in Sources */,
				982DC8A32A936687006A6D1C /* MenuView.swift in Sources */,
				982DC8C92A94A75C006A6D1C /* ReelBox.swift in Sources */,
				982DC8B52A9495CF006A6D1C /* Avatar.swift in Sources */,
				982DC8B72A94960C006A6D1C /* ScoreInfo.swift in Sources */,
				982DC8A92A9366BA006A6D1C /* SettingView.swift in Sources */,
				982DC8FA2A9EE645006A6D1C /* Dice.swift in Sources */,
				98126CCB2AA9A6D200C9D227 /* Logo.swift in Sources */,
				9899CF952AAB44E900E92D44 /* MenuViewModel.swift in Sources */,
				98126CE82AAA6DDE00C9D227 /* SettingRow.swift in Sources */,
				98126CC92AA82AB900C9D227 /* Player.swift in Sources */,
				98126CDA2AA9FCF300C9D227 /* GameView.swift in Sources */,
				982DC8B32A94948C006A6D1C /* PlaySound.swift in Sources */,
				982DC8DA2A985F63006A6D1C /* AnimatingView.swift in Sources */,
				98126CE32AAA4B2900C9D227 /* GameViewModel.swift in Sources */,
				982DC8AB2A9366C4006A6D1C /* InstructionView.swift in Sources */,
				98126CC72AA7CC3900C9D227 /* UserInputView.swift in Sources */,
				98126CCE2AA9A8B400C9D227 /* GameButton.swift in Sources */,
				982DC8752A936623006A6D1C /* Yatzee_Dice_GameApp.swift in Sources */,
				982DC8B12A949480006A6D1C /* Modifiers.swift in Sources */,
				982DC8B92A9499D1006A6D1C /* ScoreBanner.swift in Sources */,
				98126CDD2AAA2BE900C9D227 /* StartGameButton.swift in Sources */,
				982DC9012A9F2332006A6D1C /* DiceOption.swift in Sources */,
				98BE4F072AA7904D00C3D580 /* DiceOptionViewModel.swift in Sources */,
				98126CD22AA9AA1A00C9D227 /* MenuIcon.swift in Sources */,
			);
			runOnlyForDeploymentPostprocessing = 0;
		};
		982DC87D2A936625006A6D1C /* Sources */ = {
			isa = PBXSourcesBuildPhase;
			buildActionMask = 2147483647;
			files = (
				982DC8862A936625006A6D1C /* Yatzee_Dice_GameTests.swift in Sources */,
			);
			runOnlyForDeploymentPostprocessing = 0;
		};
		982DC8872A936625006A6D1C /* Sources */ = {
			isa = PBXSourcesBuildPhase;
			buildActionMask = 2147483647;
			files = (
				982DC8902A936625006A6D1C /* Yatzee_Dice_GameUITests.swift in Sources */,
				982DC8922A936625006A6D1C /* Yatzee_Dice_GameUITestsLaunchTests.swift in Sources */,
			);
			runOnlyForDeploymentPostprocessing = 0;
		};
/* End PBXSourcesBuildPhase section */

/* Begin PBXTargetDependency section */
		982DC8832A936625006A6D1C /* PBXTargetDependency */ = {
			isa = PBXTargetDependency;
			target = 982DC8702A936623006A6D1C /* Yatzee Dice Game */;
			targetProxy = 982DC8822A936625006A6D1C /* PBXContainerItemProxy */;
		};
		982DC88D2A936625006A6D1C /* PBXTargetDependency */ = {
			isa = PBXTargetDependency;
			target = 982DC8702A936623006A6D1C /* Yatzee Dice Game */;
			targetProxy = 982DC88C2A936625006A6D1C /* PBXContainerItemProxy */;
		};
/* End PBXTargetDependency section */

/* Begin XCBuildConfiguration section */
		982DC8932A936625006A6D1C /* Debug */ = {
			isa = XCBuildConfiguration;
			buildSettings = {
				ALWAYS_SEARCH_USER_PATHS = NO;
				CLANG_ANALYZER_NONNULL = YES;
				CLANG_ANALYZER_NUMBER_OBJECT_CONVERSION = YES_AGGRESSIVE;
				CLANG_CXX_LANGUAGE_STANDARD = "gnu++20";
				CLANG_ENABLE_MODULES = YES;
				CLANG_ENABLE_OBJC_ARC = YES;
				CLANG_ENABLE_OBJC_WEAK = YES;
				CLANG_WARN_BLOCK_CAPTURE_AUTORELEASING = YES;
				CLANG_WARN_BOOL_CONVERSION = YES;
				CLANG_WARN_COMMA = YES;
				CLANG_WARN_CONSTANT_CONVERSION = YES;
				CLANG_WARN_DEPRECATED_OBJC_IMPLEMENTATIONS = YES;
				CLANG_WARN_DIRECT_OBJC_ISA_USAGE = YES_ERROR;
				CLANG_WARN_DOCUMENTATION_COMMENTS = YES;
				CLANG_WARN_EMPTY_BODY = YES;
				CLANG_WARN_ENUM_CONVERSION = YES;
				CLANG_WARN_INFINITE_RECURSION = YES;
				CLANG_WARN_INT_CONVERSION = YES;
				CLANG_WARN_NON_LITERAL_NULL_CONVERSION = YES;
				CLANG_WARN_OBJC_IMPLICIT_RETAIN_SELF = YES;
				CLANG_WARN_OBJC_LITERAL_CONVERSION = YES;
				CLANG_WARN_OBJC_ROOT_CLASS = YES_ERROR;
				CLANG_WARN_QUOTED_INCLUDE_IN_FRAMEWORK_HEADER = YES;
				CLANG_WARN_RANGE_LOOP_ANALYSIS = YES;
				CLANG_WARN_STRICT_PROTOTYPES = YES;
				CLANG_WARN_SUSPICIOUS_MOVE = YES;
				CLANG_WARN_UNGUARDED_AVAILABILITY = YES_AGGRESSIVE;
				CLANG_WARN_UNREACHABLE_CODE = YES;
				CLANG_WARN__DUPLICATE_METHOD_MATCH = YES;
				COPY_PHASE_STRIP = NO;
				DEBUG_INFORMATION_FORMAT = dwarf;
				ENABLE_STRICT_OBJC_MSGSEND = YES;
				ENABLE_TESTABILITY = YES;
				GCC_C_LANGUAGE_STANDARD = gnu11;
				GCC_DYNAMIC_NO_PIC = NO;
				GCC_NO_COMMON_BLOCKS = YES;
				GCC_OPTIMIZATION_LEVEL = 0;
				GCC_PREPROCESSOR_DEFINITIONS = (
					"DEBUG=1",
					"$(inherited)",
				);
				GCC_WARN_64_TO_32_BIT_CONVERSION = YES;
				GCC_WARN_ABOUT_RETURN_TYPE = YES_ERROR;
				GCC_WARN_UNDECLARED_SELECTOR = YES;
				GCC_WARN_UNINITIALIZED_AUTOS = YES_AGGRESSIVE;
				GCC_WARN_UNUSED_FUNCTION = YES;
				GCC_WARN_UNUSED_VARIABLE = YES;
				IPHONEOS_DEPLOYMENT_TARGET = 16.4;
				MTL_ENABLE_DEBUG_INFO = INCLUDE_SOURCE;
				MTL_FAST_MATH = YES;
				ONLY_ACTIVE_ARCH = YES;
				SDKROOT = iphoneos;
				SWIFT_ACTIVE_COMPILATION_CONDITIONS = DEBUG;
				SWIFT_OPTIMIZATION_LEVEL = "-Onone";
			};
			name = Debug;
		};
		982DC8942A936625006A6D1C /* Release */ = {
			isa = XCBuildConfiguration;
			buildSettings = {
				ALWAYS_SEARCH_USER_PATHS = NO;
				CLANG_ANALYZER_NONNULL = YES;
				CLANG_ANALYZER_NUMBER_OBJECT_CONVERSION = YES_AGGRESSIVE;
				CLANG_CXX_LANGUAGE_STANDARD = "gnu++20";
				CLANG_ENABLE_MODULES = YES;
				CLANG_ENABLE_OBJC_ARC = YES;
				CLANG_ENABLE_OBJC_WEAK = YES;
				CLANG_WARN_BLOCK_CAPTURE_AUTORELEASING = YES;
				CLANG_WARN_BOOL_CONVERSION = YES;
				CLANG_WARN_COMMA = YES;
				CLANG_WARN_CONSTANT_CONVERSION = YES;
				CLANG_WARN_DEPRECATED_OBJC_IMPLEMENTATIONS = YES;
				CLANG_WARN_DIRECT_OBJC_ISA_USAGE = YES_ERROR;
				CLANG_WARN_DOCUMENTATION_COMMENTS = YES;
				CLANG_WARN_EMPTY_BODY = YES;
				CLANG_WARN_ENUM_CONVERSION = YES;
				CLANG_WARN_INFINITE_RECURSION = YES;
				CLANG_WARN_INT_CONVERSION = YES;
				CLANG_WARN_NON_LITERAL_NULL_CONVERSION = YES;
				CLANG_WARN_OBJC_IMPLICIT_RETAIN_SELF = YES;
				CLANG_WARN_OBJC_LITERAL_CONVERSION = YES;
				CLANG_WARN_OBJC_ROOT_CLASS = YES_ERROR;
				CLANG_WARN_QUOTED_INCLUDE_IN_FRAMEWORK_HEADER = YES;
				CLANG_WARN_RANGE_LOOP_ANALYSIS = YES;
				CLANG_WARN_STRICT_PROTOTYPES = YES;
				CLANG_WARN_SUSPICIOUS_MOVE = YES;
				CLANG_WARN_UNGUARDED_AVAILABILITY = YES_AGGRESSIVE;
				CLANG_WARN_UNREACHABLE_CODE = YES;
				CLANG_WARN__DUPLICATE_METHOD_MATCH = YES;
				COPY_PHASE_STRIP = NO;
				DEBUG_INFORMATION_FORMAT = "dwarf-with-dsym";
				ENABLE_NS_ASSERTIONS = NO;
				ENABLE_STRICT_OBJC_MSGSEND = YES;
				GCC_C_LANGUAGE_STANDARD = gnu11;
				GCC_NO_COMMON_BLOCKS = YES;
				GCC_WARN_64_TO_32_BIT_CONVERSION = YES;
				GCC_WARN_ABOUT_RETURN_TYPE = YES_ERROR;
				GCC_WARN_UNDECLARED_SELECTOR = YES;
				GCC_WARN_UNINITIALIZED_AUTOS = YES_AGGRESSIVE;
				GCC_WARN_UNUSED_FUNCTION = YES;
				GCC_WARN_UNUSED_VARIABLE = YES;
				IPHONEOS_DEPLOYMENT_TARGET = 16.4;
				MTL_ENABLE_DEBUG_INFO = NO;
				MTL_FAST_MATH = YES;
				SDKROOT = iphoneos;
				SWIFT_COMPILATION_MODE = wholemodule;
				SWIFT_OPTIMIZATION_LEVEL = "-O";
				VALIDATE_PRODUCT = YES;
			};
			name = Release;
		};
		982DC8962A936625006A6D1C /* Debug */ = {
			isa = XCBuildConfiguration;
			buildSettings = {
				ASSETCATALOG_COMPILER_APPICON_NAME = AppIcon;
				ASSETCATALOG_COMPILER_GLOBAL_ACCENT_COLOR_NAME = AccentColor;
				CODE_SIGN_STYLE = Automatic;
				CURRENT_PROJECT_VERSION = 1;
				DEVELOPMENT_ASSET_PATHS = "\"Yatzee Dice Game/Preview Content\"";
				DEVELOPMENT_TEAM = 3983239Z4G;
				ENABLE_PREVIEWS = YES;
				GENERATE_INFOPLIST_FILE = YES;
				INFOPLIST_FILE = "Yatzee-Dice-Game-Info.plist";
				INFOPLIST_KEY_UIApplicationSceneManifest_Generation = YES;
				INFOPLIST_KEY_UIApplicationSupportsIndirectInputEvents = YES;
				INFOPLIST_KEY_UILaunchScreen_Generation = YES;
				INFOPLIST_KEY_UISupportedInterfaceOrientations_iPad = "UIInterfaceOrientationPortrait UIInterfaceOrientationPortraitUpsideDown UIInterfaceOrientationLandscapeLeft UIInterfaceOrientationLandscapeRight";
				INFOPLIST_KEY_UISupportedInterfaceOrientations_iPhone = "UIInterfaceOrientationPortrait UIInterfaceOrientationLandscapeLeft UIInterfaceOrientationLandscapeRight";
				LD_RUNPATH_SEARCH_PATHS = (
					"$(inherited)",
					"@executable_path/Frameworks",
				);
				MARKETING_VERSION = 1.0;
				PRODUCT_BUNDLE_IDENTIFIER = "vn.edu.rmit.Yatzee-Dice-Game";
				PRODUCT_NAME = "$(TARGET_NAME)";
				SWIFT_EMIT_LOC_STRINGS = YES;
				SWIFT_VERSION = 5.0;
				TARGETED_DEVICE_FAMILY = "1,2";
			};
			name = Debug;
		};
		982DC8972A936625006A6D1C /* Release */ = {
			isa = XCBuildConfiguration;
			buildSettings = {
				ASSETCATALOG_COMPILER_APPICON_NAME = AppIcon;
				ASSETCATALOG_COMPILER_GLOBAL_ACCENT_COLOR_NAME = AccentColor;
				CODE_SIGN_STYLE = Automatic;
				CURRENT_PROJECT_VERSION = 1;
				DEVELOPMENT_ASSET_PATHS = "\"Yatzee Dice Game/Preview Content\"";
				DEVELOPMENT_TEAM = 3983239Z4G;
				ENABLE_PREVIEWS = YES;
				GENERATE_INFOPLIST_FILE = YES;
				INFOPLIST_FILE = "Yatzee-Dice-Game-Info.plist";
				INFOPLIST_KEY_UIApplicationSceneManifest_Generation = YES;
				INFOPLIST_KEY_UIApplicationSupportsIndirectInputEvents = YES;
				INFOPLIST_KEY_UILaunchScreen_Generation = YES;
				INFOPLIST_KEY_UISupportedInterfaceOrientations_iPad = "UIInterfaceOrientationPortrait UIInterfaceOrientationPortraitUpsideDown UIInterfaceOrientationLandscapeLeft UIInterfaceOrientationLandscapeRight";
				INFOPLIST_KEY_UISupportedInterfaceOrientations_iPhone = "UIInterfaceOrientationPortrait UIInterfaceOrientationLandscapeLeft UIInterfaceOrientationLandscapeRight";
				LD_RUNPATH_SEARCH_PATHS = (
					"$(inherited)",
					"@executable_path/Frameworks",
				);
				MARKETING_VERSION = 1.0;
				PRODUCT_BUNDLE_IDENTIFIER = "vn.edu.rmit.Yatzee-Dice-Game";
				PRODUCT_NAME = "$(TARGET_NAME)";
				SWIFT_EMIT_LOC_STRINGS = YES;
				SWIFT_VERSION = 5.0;
				TARGETED_DEVICE_FAMILY = "1,2";
			};
			name = Release;
		};
		982DC8992A936625006A6D1C /* Debug */ = {
			isa = XCBuildConfiguration;
			buildSettings = {
				ALWAYS_EMBED_SWIFT_STANDARD_LIBRARIES = YES;
				BUNDLE_LOADER = "$(TEST_HOST)";
				CODE_SIGN_STYLE = Automatic;
				CURRENT_PROJECT_VERSION = 1;
				DEVELOPMENT_TEAM = 3983239Z4G;
				GENERATE_INFOPLIST_FILE = YES;
				IPHONEOS_DEPLOYMENT_TARGET = 16.4;
				MARKETING_VERSION = 1.0;
				PRODUCT_BUNDLE_IDENTIFIER = "vn.edu.rmit.Yatzee-Dice-GameTests";
				PRODUCT_NAME = "$(TARGET_NAME)";
				SWIFT_EMIT_LOC_STRINGS = NO;
				SWIFT_VERSION = 5.0;
				TARGETED_DEVICE_FAMILY = "1,2";
				TEST_HOST = "$(BUILT_PRODUCTS_DIR)/Yatzee Dice Game.app/$(BUNDLE_EXECUTABLE_FOLDER_PATH)/Yatzee Dice Game";
			};
			name = Debug;
		};
		982DC89A2A936625006A6D1C /* Release */ = {
			isa = XCBuildConfiguration;
			buildSettings = {
				ALWAYS_EMBED_SWIFT_STANDARD_LIBRARIES = YES;
				BUNDLE_LOADER = "$(TEST_HOST)";
				CODE_SIGN_STYLE = Automatic;
				CURRENT_PROJECT_VERSION = 1;
				DEVELOPMENT_TEAM = 3983239Z4G;
				GENERATE_INFOPLIST_FILE = YES;
				IPHONEOS_DEPLOYMENT_TARGET = 16.4;
				MARKETING_VERSION = 1.0;
				PRODUCT_BUNDLE_IDENTIFIER = "vn.edu.rmit.Yatzee-Dice-GameTests";
				PRODUCT_NAME = "$(TARGET_NAME)";
				SWIFT_EMIT_LOC_STRINGS = NO;
				SWIFT_VERSION = 5.0;
				TARGETED_DEVICE_FAMILY = "1,2";
				TEST_HOST = "$(BUILT_PRODUCTS_DIR)/Yatzee Dice Game.app/$(BUNDLE_EXECUTABLE_FOLDER_PATH)/Yatzee Dice Game";
			};
			name = Release;
		};
		982DC89C2A936625006A6D1C /* Debug */ = {
			isa = XCBuildConfiguration;
			buildSettings = {
				ALWAYS_EMBED_SWIFT_STANDARD_LIBRARIES = YES;
				CODE_SIGN_STYLE = Automatic;
				CURRENT_PROJECT_VERSION = 1;
				DEVELOPMENT_TEAM = 3983239Z4G;
				GENERATE_INFOPLIST_FILE = YES;
				MARKETING_VERSION = 1.0;
				PRODUCT_BUNDLE_IDENTIFIER = "vn.edu.rmit.Yatzee-Dice-GameUITests";
				PRODUCT_NAME = "$(TARGET_NAME)";
				SWIFT_EMIT_LOC_STRINGS = NO;
				SWIFT_VERSION = 5.0;
				TARGETED_DEVICE_FAMILY = "1,2";
				TEST_TARGET_NAME = "Yatzee Dice Game";
			};
			name = Debug;
		};
		982DC89D2A936625006A6D1C /* Release */ = {
			isa = XCBuildConfiguration;
			buildSettings = {
				ALWAYS_EMBED_SWIFT_STANDARD_LIBRARIES = YES;
				CODE_SIGN_STYLE = Automatic;
				CURRENT_PROJECT_VERSION = 1;
				DEVELOPMENT_TEAM = 3983239Z4G;
				GENERATE_INFOPLIST_FILE = YES;
				MARKETING_VERSION = 1.0;
				PRODUCT_BUNDLE_IDENTIFIER = "vn.edu.rmit.Yatzee-Dice-GameUITests";
				PRODUCT_NAME = "$(TARGET_NAME)";
				SWIFT_EMIT_LOC_STRINGS = NO;
				SWIFT_VERSION = 5.0;
				TARGETED_DEVICE_FAMILY = "1,2";
				TEST_TARGET_NAME = "Yatzee Dice Game";
			};
			name = Release;
		};
/* End XCBuildConfiguration section */

/* Begin XCConfigurationList section */
		982DC86C2A936623006A6D1C /* Build configuration list for PBXProject "Yatzee Dice Game" */ = {
			isa = XCConfigurationList;
			buildConfigurations = (
				982DC8932A936625006A6D1C /* Debug */,
				982DC8942A936625006A6D1C /* Release */,
			);
			defaultConfigurationIsVisible = 0;
			defaultConfigurationName = Release;
		};
		982DC8952A936625006A6D1C /* Build configuration list for PBXNativeTarget "Yatzee Dice Game" */ = {
			isa = XCConfigurationList;
			buildConfigurations = (
				982DC8962A936625006A6D1C /* Debug */,
				982DC8972A936625006A6D1C /* Release */,
			);
			defaultConfigurationIsVisible = 0;
			defaultConfigurationName = Release;
		};
		982DC8982A936625006A6D1C /* Build configuration list for PBXNativeTarget "Yatzee Dice GameTests" */ = {
			isa = XCConfigurationList;
			buildConfigurations = (
				982DC8992A936625006A6D1C /* Debug */,
				982DC89A2A936625006A6D1C /* Release */,
			);
			defaultConfigurationIsVisible = 0;
			defaultConfigurationName = Release;
		};
		982DC89B2A936625006A6D1C /* Build configuration list for PBXNativeTarget "Yatzee Dice GameUITests" */ = {
			isa = XCConfigurationList;
			buildConfigurations = (
				982DC89C2A936625006A6D1C /* Debug */,
				982DC89D2A936625006A6D1C /* Release */,
			);
			defaultConfigurationIsVisible = 0;
			defaultConfigurationName = Release;
		};
/* End XCConfigurationList section */
	};
	rootObject = 982DC8692A936623006A6D1C /* Project object */;
}
